
Microsoft Visual Studio Solution File, Format Version 12.00
# Visual Studio Version 16
VisualStudioVersion = 16.0.32228.343
MinimumVisualStudioVersion = 10.0.40219.1
Project("{9A19103F-16F7-4668-BE54-9A1E7A4F7556}") = "test", "test\test.csproj", "{D679B47F-D1C7-4D6D-A72B-57A0F1597740}"
EndProject
Project("{FAE04EC0-301F-11D3-BF4B-00C04F79EFBC}") = "TestForm", "TestForm\TestForm.csproj", "{DF409FD9-D083-481A-A0AF-A9D306CCF1A6}"
EndProject
Project("{FAE04EC0-301F-11D3-BF4B-00C04F79EFBC}") = "testBlazor", "testBlazor\testBlazor.csproj", "{DEBAD2CD-C57E-4202-9C96-554EC7AAA307}"
EndProject
Global
	GlobalSection(SolutionConfigurationPlatforms) = preSolution
		Debug|Any CPU = Debug|Any CPU
		Release|Any CPU = Release|Any CPU
	EndGlobalSection
	GlobalSection(ProjectConfigurationPlatforms) = postSolution
		{D679B47F-D1C7-4D6D-A72B-57A0F1597740}.Debug|Any CPU.ActiveCfg = Debug|Any CPU
		{D679B47F-D1C7-4D6D-A72B-57A0F1597740}.Debug|Any CPU.Build.0 = Debug|Any CPU
		{D679B47F-D1C7-4D6D-A72B-57A0F1597740}.Release|Any CPU.ActiveCfg = Release|Any CPU
		{D679B47F-D1C7-4D6D-A72B-57A0F1597740}.Release|Any CPU.Build.0 = Release|Any CPU
		{DF409FD9-D083-481A-A0AF-A9D306CCF1A6}.Debug|Any CPU.ActiveCfg = Debug|Any CPU
		{DF409FD9-D083-481A-A0AF-A9D306CCF1A6}.Debug|Any CPU.Build.0 = Debug|Any CPU
		{DF409FD9-D083-481A-A0AF-A9D306CCF1A6}.Release|Any CPU.ActiveCfg = Release|Any CPU
		{DF409FD9-D083-481A-A0AF-A9D306CCF1A6}.Release|Any CPU.Build.0 = Release|Any CPU
		{DEBAD2CD-C57E-4202-9C96-554EC7AAA307}.Debug|Any CPU.ActiveCfg = Debug|Any CPU
		{DEBAD2CD-C57E-4202-9C96-554EC7AAA307}.Debug|Any CPU.Build.0 = Debug|Any CPU
		{DEBAD2CD-C57E-4202-9C96-554EC7AAA307}.Release|Any CPU.ActiveCfg = Release|Any CPU
		{DEBAD2CD-C57E-4202-9C96-554EC7AAA307}.Release|Any CPU.Build.0 = Release|Any CPU
	EndGlobalSection
	GlobalSection(SolutionProperties) = preSolution
		HideSolutionNode = FALSE
	EndGlobalSection
	GlobalSection(ExtensibilityGlobals) = postSolution
		SolutionGuid = {BA61532E-66F7-4642-8D05-1CC84E8686CC}
	EndGlobalSection
EndGlobal
